# THIS IS AN AUTOGENERATED FILE. DO NOT EDIT THIS FILE DIRECTLY.
# yarn lockfile v1


"@angular/common@20.1.6":
  version "20.1.6"
  resolved "https://registry.npmjs.org/@angular/common/-/common-20.1.6.tgz"
  integrity sha512-VwV6u5y5NQg5u+Z5A50MCJNpxseny9Rv+csZe9zckH0ylqy9tLowbG6L7jrts36Ze2lwqRag0b+wB0TgrvaT0w==
  dependencies:
    tslib "^2.3.0"

"@angular/core@20.1.6":
  version "20.1.6"
  resolved "https://registry.npmjs.org/@angular/core/-/core-20.1.6.tgz"
  integrity sha512-Nz62f9FNcvjOxUivi50YtmEfSdrS7xqpPDoN/jwLkT5VmFfIUFF77sabTF5KTWHCDbp420e2UON6uEblfiRfaw==
  dependencies:
    tslib "^2.3.0"

"@angular/platform-browser@20.1.6":
  version "20.1.6"
  resolved "https://registry.npmjs.org/@angular/platform-browser/-/platform-browser-20.1.6.tgz"
  integrity sha512-0FmqP1+JdzrT74JZLbf5IpC8nn0AeJ3Mk1IlXRVcK5olyh3SiEZIGBw89mYwmgP3gQqnjoakooTMA3wwy4Evxw==
  dependencies:
    tslib "^2.3.0"

"@angular/router@^20.1.6":
  version "20.1.6"
  resolved "https://registry.npmjs.org/@angular/router/-/router-20.1.6.tgz"
  integrity sha512-42eB6UB/uZt5LqBK7sIGV+fnWPWgwlhZDCl7aujv0Tlwx1HgdLW7EbqMYs+2SIrezn4uj0hg+74oy1PL46V7MA==
  dependencies:
    tslib "^2.3.0"

"rxjs@^6.5.3 || ^7.4.0":
  version "7.8.2"
  resolved "https://registry.npmjs.org/rxjs/-/rxjs-7.8.2.tgz"
  integrity sha512-dhKf903U/PQZY6boNNtAGdWbG85WAbjT/1xYoZIC7FAY0yWapOBQVsVrDl58W86//e1VpMNBtRV4MaXfdMySFA==
  dependencies:
    tslib "^2.1.0"

tslib@^2.1.0, tslib@^2.3.0:
  version "2.8.1"
  resolved "https://registry.npmjs.org/tslib/-/tslib-2.8.1.tgz"
  integrity sha512-oJFu94HQb+KVduSUQL7wnpmqnfmLsOA/nAh6b6EH0wCEoK0/mPeXU6c3wKDV83MkOuHPRHtSXKKU99IBazS/2w==
